{
  "pins" : [
    {
      "identity" : "superwallkit-ios",
      "kind" : "remoteSourceControl",
      "location" : "https://github.com/superwall-me/SuperwallKit-iOS",
      "state" : {
        "revision" : "975da038027d363f09624db15059e7de31712bd8"
      }
    },
    {
      "identity" : "swift-snapshot-testing",
      "kind" : "remoteSourceControl",
      "location" : "https://github.com/pointfreeco/swift-snapshot-testing",
      "state" : {
        "branch" : "main",
        "revision" : "f5489a273ddd57239fd68b9889b3b541bdcbfa3a"
      }
    }
  ],
  "version" : 2
}
