// !$*UTF8*$!
{
	archiveVersion = 1;
	classes = {
	};
	objectVersion = 56;
	objects = {

/* Begin PBXBuildFile section */
		54039A8C299C271B005AF6B3 /* RootViewController.swift in Sources */ = {isa = PBXBuildFile; fileRef = 54039A8B299C271B005AF6B3 /* RootViewController.swift */; };
		540E79372989B16600EE1425 /* AppDelegate.swift in Sources */ = {isa = PBXBuildFile; fileRef = 540E79362989B16600EE1425 /* AppDelegate.swift */; };
		540E79392989B16600EE1425 /* SceneDelegate.swift in Sources */ = {isa = PBXBuildFile; fileRef = 540E79382989B16600EE1425 /* SceneDelegate.swift */; };
		540E793E2989B16600EE1425 /* Main.storyboard in Resources */ = {isa = PBXBuildFile; fileRef = 540E793C2989B16600EE1425 /* Main.storyboard */; };
		540E79402989B16600EE1425 /* Assets.xcassets in Resources */ = {isa = PBXBuildFile; fileRef = 540E793F2989B16600EE1425 /* Assets.xcassets */; };
		540E79432989B16600EE1425 /* LaunchScreen.storyboard in Resources */ = {isa = PBXBuildFile; fileRef = 540E79412989B16600EE1425 /* LaunchScreen.storyboard */; };
		54CAAD0B29BBD0A0008D728C /* Automated_UI_Testing.swift in Sources */ = {isa = PBXBuildFile; fileRef = 54CAAD0A29BBD0A0008D728C /* Automated_UI_Testing.swift */; };
		54CAAD2129BBDAD1008D728C /* Swifter in Frameworks */ = {isa = PBXBuildFile; productRef = 54CAAD2029BBDAD1008D728C /* Swifter */; };
		54CAAD2329BBDADA008D728C /* Swifter in Frameworks */ = {isa = PBXBuildFile; productRef = 54CAAD2229BBDADA008D728C /* Swifter */; };
		54CAAD2529BC045C008D728C /* Communicator.swift in Sources */ = {isa = PBXBuildFile; fileRef = 54CAAD2429BC045C008D728C /* Communicator.swift */; };
		54CAAD2929BC4CA9008D728C /* UITests_Swift.swift in Sources */ = {isa = PBXBuildFile; fileRef = 54FBDA40299AE4C500D85C66 /* UITests_Swift.swift */; };
		54CAAD2A29BC4CAE008D728C /* UITests_ObjC.m in Sources */ = {isa = PBXBuildFile; fileRef = 54FBDA3E299AE4A700D85C66 /* UITests_ObjC.m */; };
		54CAAD2B29BC4CF9008D728C /* Configuration_ObjC.m in Sources */ = {isa = PBXBuildFile; fileRef = 54CAACEF29B80CF4008D728C /* Configuration_ObjC.m */; };
		54CAAD2C29BC4CFD008D728C /* UITestsHelpers.swift in Sources */ = {isa = PBXBuildFile; fileRef = 54FBDA42299AE53000D85C66 /* UITestsHelpers.swift */; };
		54CAAD2D29BC4CFD008D728C /* Constants.swift in Sources */ = {isa = PBXBuildFile; fileRef = 54CAACF529B82653008D728C /* Constants.swift */; };
		54CAAD2E29BC4CFD008D728C /* StoreKitHelper.swift in Sources */ = {isa = PBXBuildFile; fileRef = 540E79992991CCD600EE1425 /* StoreKitHelper.swift */; };
		54CAAD2F29BC4D00008D728C /* Configuration_Swift.swift in Sources */ = {isa = PBXBuildFile; fileRef = 54CAACE529B6BE90008D728C /* Configuration_Swift.swift */; };
		54CAAD3229BC4DC0008D728C /* SnapshotTesting in Frameworks */ = {isa = PBXBuildFile; productRef = 54CAAD3129BC4DC0008D728C /* SnapshotTesting */; };
		54CAAD3529BC4DDB008D728C /* SuperwallKit in Frameworks */ = {isa = PBXBuildFile; productRef = 54CAAD3429BC4DDB008D728C /* SuperwallKit */; };
		54CAAD3729BC5176008D728C /* Extensions.swift in Sources */ = {isa = PBXBuildFile; fileRef = 54CAAD3629BC5176008D728C /* Extensions.swift */; };
		54CAAD3829BC5257008D728C /* Communicator.swift in Sources */ = {isa = PBXBuildFile; fileRef = 54CAAD2429BC045C008D728C /* Communicator.swift */; };
		54CAAD3929BC5C47008D728C /* Extensions.swift in Sources */ = {isa = PBXBuildFile; fileRef = 54CAAD3629BC5176008D728C /* Extensions.swift */; };
		54CAAD3B29BEAABE008D728C /* Tests.swift in Sources */ = {isa = PBXBuildFile; fileRef = 54CAAD3A29BEAABE008D728C /* Tests.swift */; };
		54CAAD4229BEC0A1008D728C /* Testable.swift in Sources */ = {isa = PBXBuildFile; fileRef = 54CAAD3C29BEBB34008D728C /* Testable.swift */; };
		8845B67829C1F98F001B0013 /* Products.storekit in Resources */ = {isa = PBXBuildFile; fileRef = 540E79522989B1A900EE1425 /* Products.storekit */; };
/* End PBXBuildFile section */

/* Begin PBXContainerItemProxy section */
		54CAAD0E29BBD0A0008D728C /* PBXContainerItemProxy */ = {
			isa = PBXContainerItemProxy;
			containerPortal = 540E792B2989B16600EE1425 /* Project object */;
			proxyType = 1;
			remoteGlobalIDString = 540E79322989B16600EE1425;
			remoteInfo = "UI Tests";
		};
/* End PBXContainerItemProxy section */

/* Begin PBXFileReference section */
		54039A8B299C271B005AF6B3 /* RootViewController.swift */ = {isa = PBXFileReference; lastKnownFileType = sourcecode.swift; path = RootViewController.swift; sourceTree = "<group>"; };
		540E79332989B16600EE1425 /* UI Tests.app */ = {isa = PBXFileReference; explicitFileType = wrapper.application; includeInIndex = 0; path = "UI Tests.app"; sourceTree = BUILT_PRODUCTS_DIR; };
		540E79362989B16600EE1425 /* AppDelegate.swift */ = {isa = PBXFileReference; lastKnownFileType = sourcecode.swift; path = AppDelegate.swift; sourceTree = "<group>"; };
		540E79382989B16600EE1425 /* SceneDelegate.swift */ = {isa = PBXFileReference; lastKnownFileType = sourcecode.swift; path = SceneDelegate.swift; sourceTree = "<group>"; };
		540E793D2989B16600EE1425 /* Base */ = {isa = PBXFileReference; lastKnownFileType = file.storyboard; name = Base; path = Base.lproj/Main.storyboard; sourceTree = "<group>"; };
		540E793F2989B16600EE1425 /* Assets.xcassets */ = {isa = PBXFileReference; lastKnownFileType = folder.assetcatalog; path = Assets.xcassets; sourceTree = "<group>"; };
		540E79422989B16600EE1425 /* Base */ = {isa = PBXFileReference; lastKnownFileType = file.storyboard; name = Base; path = Base.lproj/LaunchScreen.storyboard; sourceTree = "<group>"; };
		540E79442989B16600EE1425 /* Info.plist */ = {isa = PBXFileReference; lastKnownFileType = text.plist.xml; path = Info.plist; sourceTree = "<group>"; };
		540E79522989B1A900EE1425 /* Products.storekit */ = {isa = PBXFileReference; lastKnownFileType = text; path = Products.storekit; sourceTree = "<group>"; };
		540E79992991CCD600EE1425 /* StoreKitHelper.swift */ = {isa = PBXFileReference; lastKnownFileType = sourcecode.swift; path = StoreKitHelper.swift; sourceTree = "<group>"; };
		54CAACE529B6BE90008D728C /* Configuration_Swift.swift */ = {isa = PBXFileReference; lastKnownFileType = sourcecode.swift; path = Configuration_Swift.swift; sourceTree = "<group>"; };
		54CAACEF29B80CF4008D728C /* Configuration_ObjC.m */ = {isa = PBXFileReference; lastKnownFileType = sourcecode.c.objc; path = Configuration_ObjC.m; sourceTree = "<group>"; };
		54CAACF129B80ED6008D728C /* Configuration_ObjC.h */ = {isa = PBXFileReference; lastKnownFileType = sourcecode.c.h; path = Configuration_ObjC.h; sourceTree = "<group>"; };
		54CAACF529B82653008D728C /* Constants.swift */ = {isa = PBXFileReference; lastKnownFileType = sourcecode.swift; path = Constants.swift; sourceTree = "<group>"; };
		54CAAD0329B83711008D728C /* UITests_ObjC.h */ = {isa = PBXFileReference; lastKnownFileType = sourcecode.c.h; path = UITests_ObjC.h; sourceTree = "<group>"; };
		54CAAD0829BBD09F008D728C /* Automated UI Testing.xctest */ = {isa = PBXFileReference; explicitFileType = wrapper.cfbundle; includeInIndex = 0; path = "Automated UI Testing.xctest"; sourceTree = BUILT_PRODUCTS_DIR; };
		54CAAD0A29BBD0A0008D728C /* Automated_UI_Testing.swift */ = {isa = PBXFileReference; lastKnownFileType = sourcecode.swift; path = Automated_UI_Testing.swift; sourceTree = "<group>"; };
		54CAAD2429BC045C008D728C /* Communicator.swift */ = {isa = PBXFileReference; lastKnownFileType = sourcecode.swift; path = Communicator.swift; sourceTree = "<group>"; };
		54CAAD3629BC5176008D728C /* Extensions.swift */ = {isa = PBXFileReference; lastKnownFileType = sourcecode.swift; path = Extensions.swift; sourceTree = "<group>"; };
		54CAAD3A29BEAABE008D728C /* Tests.swift */ = {isa = PBXFileReference; lastKnownFileType = sourcecode.swift; path = Tests.swift; sourceTree = "<group>"; };
		54CAAD3C29BEBB34008D728C /* Testable.swift */ = {isa = PBXFileReference; lastKnownFileType = sourcecode.swift; path = Testable.swift; sourceTree = "<group>"; };
		54CAAD4029BEBE03008D728C /* BridgingHeader.h */ = {isa = PBXFileReference; lastKnownFileType = sourcecode.c.h; path = BridgingHeader.h; sourceTree = "<group>"; };
		54FBDA3E299AE4A700D85C66 /* UITests_ObjC.m */ = {isa = PBXFileReference; lastKnownFileType = sourcecode.c.objc; path = UITests_ObjC.m; sourceTree = "<group>"; };
		54FBDA40299AE4C500D85C66 /* UITests_Swift.swift */ = {isa = PBXFileReference; lastKnownFileType = sourcecode.swift; path = UITests_Swift.swift; sourceTree = "<group>"; };
		54FBDA42299AE53000D85C66 /* UITestsHelpers.swift */ = {isa = PBXFileReference; lastKnownFileType = sourcecode.swift; path = UITestsHelpers.swift; sourceTree = "<group>"; };
/* End PBXFileReference section */

/* Begin PBXFrameworksBuildPhase section */
		540E79302989B16600EE1425 /* Frameworks */ = {
			isa = PBXFrameworksBuildPhase;
			buildActionMask = 2147483647;
			files = (
				54CAAD2329BBDADA008D728C /* Swifter in Frameworks */,
				54CAAD3529BC4DDB008D728C /* SuperwallKit in Frameworks */,
			);
			runOnlyForDeploymentPostprocessing = 0;
		};
		54CAAD0529BBD09F008D728C /* Frameworks */ = {
			isa = PBXFrameworksBuildPhase;
			buildActionMask = 2147483647;
			files = (
				54CAAD2129BBDAD1008D728C /* Swifter in Frameworks */,
				54CAAD3229BC4DC0008D728C /* SnapshotTesting in Frameworks */,
			);
			runOnlyForDeploymentPostprocessing = 0;
		};
/* End PBXFrameworksBuildPhase section */

/* Begin PBXGroup section */
		54039A8A299B2710005AF6B3 /* Helpers */ = {
			isa = PBXGroup;
			children = (
				54CAACF529B82653008D728C /* Constants.swift */,
				54FBDA42299AE53000D85C66 /* UITestsHelpers.swift */,
				540E79992991CCD600EE1425 /* StoreKitHelper.swift */,
				54CAAD2429BC045C008D728C /* Communicator.swift */,
				54CAAD3629BC5176008D728C /* Extensions.swift */,
			);
			path = Helpers;
			sourceTree = "<group>";
		};
		540BF6602993172A005A8600 /* UI Tests */ = {
			isa = PBXGroup;
			children = (
				54FBDA40299AE4C500D85C66 /* UITests_Swift.swift */,
				54CAAD0329B83711008D728C /* UITests_ObjC.h */,
				54FBDA3E299AE4A700D85C66 /* UITests_ObjC.m */,
				54CAACE529B6BE90008D728C /* Configuration_Swift.swift */,
				54CAACF129B80ED6008D728C /* Configuration_ObjC.h */,
				54CAACEF29B80CF4008D728C /* Configuration_ObjC.m */,
			);
			path = "UI Tests";
			sourceTree = "<group>";
		};
		540E792A2989B16600EE1425 = {
			isa = PBXGroup;
			children = (
				540E79352989B16600EE1425 /* UI Tests */,
				54CAAD0929BBD0A0008D728C /* Automated UI Testing */,
				540E79342989B16600EE1425 /* Products */,
				54FBDA47299AE7B900D85C66 /* Frameworks */,
			);
			sourceTree = "<group>";
		};
		540E79342989B16600EE1425 /* Products */ = {
			isa = PBXGroup;
			children = (
				540E79332989B16600EE1425 /* UI Tests.app */,
				54CAAD0829BBD09F008D728C /* Automated UI Testing.xctest */,
			);
			name = Products;
			sourceTree = "<group>";
		};
		540E79352989B16600EE1425 /* UI Tests */ = {
			isa = PBXGroup;
			children = (
				540E79362989B16600EE1425 /* AppDelegate.swift */,
				540E79382989B16600EE1425 /* SceneDelegate.swift */,
				54039A8B299C271B005AF6B3 /* RootViewController.swift */,
				54CAAD4129BEC087008D728C /* Testable */,
				540BF6602993172A005A8600 /* UI Tests */,
				54039A8A299B2710005AF6B3 /* Helpers */,
				540E79442989B16600EE1425 /* Info.plist */,
				540E793F2989B16600EE1425 /* Assets.xcassets */,
				540E79522989B1A900EE1425 /* Products.storekit */,
				54CAAD4029BEBE03008D728C /* BridgingHeader.h */,
				540E793C2989B16600EE1425 /* Main.storyboard */,
				540E79412989B16600EE1425 /* LaunchScreen.storyboard */,
			);
			path = "UI Tests";
			sourceTree = "<group>";
		};
		54CAAD0929BBD0A0008D728C /* Automated UI Testing */ = {
			isa = PBXGroup;
			children = (
				54CAAD0A29BBD0A0008D728C /* Automated_UI_Testing.swift */,
			);
			path = "Automated UI Testing";
			sourceTree = "<group>";
		};
		54CAAD4129BEC087008D728C /* Testable */ = {
			isa = PBXGroup;
			children = (
				54CAAD3C29BEBB34008D728C /* Testable.swift */,
				54CAAD3A29BEAABE008D728C /* Tests.swift */,
			);
			path = Testable;
			sourceTree = "<group>";
		};
		54FBDA47299AE7B900D85C66 /* Frameworks */ = {
			isa = PBXGroup;
			children = (
			);
			name = Frameworks;
			sourceTree = "<group>";
		};
/* End PBXGroup section */

/* Begin PBXNativeTarget section */
		540E79322989B16600EE1425 /* UI Tests */ = {
			isa = PBXNativeTarget;
			buildConfigurationList = 540E79472989B16600EE1425 /* Build configuration list for PBXNativeTarget "UI Tests" */;
			buildPhases = (
				540E792F2989B16600EE1425 /* Sources */,
				540E79302989B16600EE1425 /* Frameworks */,
				540E79312989B16600EE1425 /* Resources */,
			);
			buildRules = (
			);
			dependencies = (
			);
			name = "UI Tests";
			packageProductDependencies = (
				54CAAD2229BBDADA008D728C /* Swifter */,
				54CAAD3429BC4DDB008D728C /* SuperwallKit */,
			);
			productName = "UI Tests";
			productReference = 540E79332989B16600EE1425 /* UI Tests.app */;
			productType = "com.apple.product-type.application";
		};
		54CAAD0729BBD09F008D728C /* Automated UI Testing */ = {
			isa = PBXNativeTarget;
			buildConfigurationList = 54CAAD1029BBD0A0008D728C /* Build configuration list for PBXNativeTarget "Automated UI Testing" */;
			buildPhases = (
				54CAAD0429BBD09F008D728C /* Sources */,
				54CAAD0529BBD09F008D728C /* Frameworks */,
				54CAAD0629BBD09F008D728C /* Resources */,
			);
			buildRules = (
			);
			dependencies = (
				54CAAD0F29BBD0A0008D728C /* PBXTargetDependency */,
			);
			name = "Automated UI Testing";
			packageProductDependencies = (
				54CAAD2029BBDAD1008D728C /* Swifter */,
				54CAAD3129BC4DC0008D728C /* SnapshotTesting */,
			);
			productName = "Automated UI Testing";
			productReference = 54CAAD0829BBD09F008D728C /* Automated UI Testing.xctest */;
			productType = "com.apple.product-type.bundle.ui-testing";
		};
/* End PBXNativeTarget section */

/* Begin PBXProject section */
		540E792B2989B16600EE1425 /* Project object */ = {
			isa = PBXProject;
			attributes = {
				BuildIndependentTargetsInParallel = 1;
				LastSwiftUpdateCheck = 1420;
				LastUpgradeCheck = 1410;
				TargetAttributes = {
					540E79322989B16600EE1425 = {
						CreatedOnToolsVersion = 14.1;
						LastSwiftMigration = 1410;
					};
					54CAAD0729BBD09F008D728C = {
						CreatedOnToolsVersion = 14.2;
						TestTargetID = 540E79322989B16600EE1425;
					};
				};
			};
			buildConfigurationList = 540E792E2989B16600EE1425 /* Build configuration list for PBXProject "UI Tests" */;
			compatibilityVersion = "Xcode 14.0";
			developmentRegion = en;
			hasScannedForEncodings = 0;
			knownRegions = (
				en,
				Base,
			);
			mainGroup = 540E792A2989B16600EE1425;
			packageReferences = (
				54CAAD1F29BBDAD1008D728C /* XCRemoteSwiftPackageReference "swifter" */,
				54CAAD3029BC4DC0008D728C /* XCRemoteSwiftPackageReference "swift-snapshot-testing" */,
				54CAAD3329BC4DDB008D728C /* XCRemoteSwiftPackageReference "SuperwallKit-iOS" */,
			);
			productRefGroup = 540E79342989B16600EE1425 /* Products */;
			projectDirPath = "";
			projectRoot = "";
			targets = (
				540E79322989B16600EE1425 /* UI Tests */,
				54CAAD0729BBD09F008D728C /* Automated UI Testing */,
			);
		};
/* End PBXProject section */

/* Begin PBXResourcesBuildPhase section */
		540E79312989B16600EE1425 /* Resources */ = {
			isa = PBXResourcesBuildPhase;
			buildActionMask = 2147483647;
			files = (
				540E79432989B16600EE1425 /* LaunchScreen.storyboard in Resources */,
				540E79402989B16600EE1425 /* Assets.xcassets in Resources */,
				540E793E2989B16600EE1425 /* Main.storyboard in Resources */,
			);
			runOnlyForDeploymentPostprocessing = 0;
		};
		54CAAD0629BBD09F008D728C /* Resources */ = {
			isa = PBXResourcesBuildPhase;
			buildActionMask = 2147483647;
			files = (
				8845B67829C1F98F001B0013 /* Products.storekit in Resources */,
			);
			runOnlyForDeploymentPostprocessing = 0;
		};
/* End PBXResourcesBuildPhase section */

/* Begin PBXSourcesBuildPhase section */
		540E792F2989B16600EE1425 /* Sources */ = {
			isa = PBXSourcesBuildPhase;
			buildActionMask = 2147483647;
			files = (
				54CAAD2C29BC4CFD008D728C /* UITestsHelpers.swift in Sources */,
				54CAAD2529BC045C008D728C /* Communicator.swift in Sources */,
				540E79372989B16600EE1425 /* AppDelegate.swift in Sources */,
				540E79392989B16600EE1425 /* SceneDelegate.swift in Sources */,
				54CAAD2A29BC4CAE008D728C /* UITests_ObjC.m in Sources */,
				54CAAD4229BEC0A1008D728C /* Testable.swift in Sources */,
				54039A8C299C271B005AF6B3 /* RootViewController.swift in Sources */,
				54CAAD2E29BC4CFD008D728C /* StoreKitHelper.swift in Sources */,
				54CAAD3729BC5176008D728C /* Extensions.swift in Sources */,
				54CAAD2929BC4CA9008D728C /* UITests_Swift.swift in Sources */,
				54CAAD2B29BC4CF9008D728C /* Configuration_ObjC.m in Sources */,
				54CAAD2D29BC4CFD008D728C /* Constants.swift in Sources */,
				54CAAD2F29BC4D00008D728C /* Configuration_Swift.swift in Sources */,
			);
			runOnlyForDeploymentPostprocessing = 0;
		};
		54CAAD0429BBD09F008D728C /* Sources */ = {
			isa = PBXSourcesBuildPhase;
			buildActionMask = 2147483647;
			files = (
				54CAAD3829BC5257008D728C /* Communicator.swift in Sources */,
				54CAAD3929BC5C47008D728C /* Extensions.swift in Sources */,
				54CAAD0B29BBD0A0008D728C /* Automated_UI_Testing.swift in Sources */,
				54CAAD3B29BEAABE008D728C /* Tests.swift in Sources */,
			);
			runOnlyForDeploymentPostprocessing = 0;
		};
/* End PBXSourcesBuildPhase section */

/* Begin PBXTargetDependency section */
		54CAAD0F29BBD0A0008D728C /* PBXTargetDependency */ = {
			isa = PBXTargetDependency;
			target = 540E79322989B16600EE1425 /* UI Tests */;
			targetProxy = 54CAAD0E29BBD0A0008D728C /* PBXContainerItemProxy */;
		};
/* End PBXTargetDependency section */

/* Begin PBXVariantGroup section */
		540E793C2989B16600EE1425 /* Main.storyboard */ = {
			isa = PBXVariantGroup;
			children = (
				540E793D2989B16600EE1425 /* Base */,
			);
			name = Main.storyboard;
			sourceTree = "<group>";
		};
		540E79412989B16600EE1425 /* LaunchScreen.storyboard */ = {
			isa = PBXVariantGroup;
			children = (
				540E79422989B16600EE1425 /* Base */,
			);
			name = LaunchScreen.storyboard;
			sourceTree = "<group>";
		};
/* End PBXVariantGroup section */

/* Begin XCBuildConfiguration section */
		540E79452989B16600EE1425 /* Debug */ = {
			isa = XCBuildConfiguration;
			buildSettings = {
				ALWAYS_SEARCH_USER_PATHS = NO;
				CLANG_ANALYZER_NONNULL = YES;
				CLANG_ANALYZER_NUMBER_OBJECT_CONVERSION = YES_AGGRESSIVE;
				CLANG_CXX_LANGUAGE_STANDARD = "gnu++20";
				CLANG_ENABLE_MODULES = YES;
				CLANG_ENABLE_OBJC_ARC = YES;
				CLANG_ENABLE_OBJC_WEAK = YES;
				CLANG_WARN_BLOCK_CAPTURE_AUTORELEASING = YES;
				CLANG_WARN_BOOL_CONVERSION = YES;
				CLANG_WARN_COMMA = YES;
				CLANG_WARN_CONSTANT_CONVERSION = YES;
				CLANG_WARN_DEPRECATED_OBJC_IMPLEMENTATIONS = YES;
				CLANG_WARN_DIRECT_OBJC_ISA_USAGE = YES_ERROR;
				CLANG_WARN_DOCUMENTATION_COMMENTS = YES;
				CLANG_WARN_EMPTY_BODY = YES;
				CLANG_WARN_ENUM_CONVERSION = YES;
				CLANG_WARN_INFINITE_RECURSION = YES;
				CLANG_WARN_INT_CONVERSION = YES;
				CLANG_WARN_NON_LITERAL_NULL_CONVERSION = YES;
				CLANG_WARN_OBJC_IMPLICIT_RETAIN_SELF = YES;
				CLANG_WARN_OBJC_LITERAL_CONVERSION = YES;
				CLANG_WARN_OBJC_ROOT_CLASS = YES_ERROR;
				CLANG_WARN_QUOTED_INCLUDE_IN_FRAMEWORK_HEADER = YES;
				CLANG_WARN_RANGE_LOOP_ANALYSIS = YES;
				CLANG_WARN_STRICT_PROTOTYPES = YES;
				CLANG_WARN_SUSPICIOUS_MOVE = YES;
				CLANG_WARN_UNGUARDED_AVAILABILITY = YES_AGGRESSIVE;
				CLANG_WARN_UNREACHABLE_CODE = YES;
				CLANG_WARN__DUPLICATE_METHOD_MATCH = YES;
				COPY_PHASE_STRIP = NO;
				DEBUG_INFORMATION_FORMAT = dwarf;
				ENABLE_STRICT_OBJC_MSGSEND = YES;
				ENABLE_TESTABILITY = YES;
				GCC_C_LANGUAGE_STANDARD = gnu11;
				GCC_DYNAMIC_NO_PIC = NO;
				GCC_NO_COMMON_BLOCKS = YES;
				GCC_OPTIMIZATION_LEVEL = 0;
				GCC_PREPROCESSOR_DEFINITIONS = (
					"DEBUG=1",
					"$(inherited)",
				);
				GCC_WARN_64_TO_32_BIT_CONVERSION = YES;
				GCC_WARN_ABOUT_RETURN_TYPE = YES_ERROR;
				GCC_WARN_UNDECLARED_SELECTOR = YES;
				GCC_WARN_UNINITIALIZED_AUTOS = YES_AGGRESSIVE;
				GCC_WARN_UNUSED_FUNCTION = YES;
				GCC_WARN_UNUSED_VARIABLE = YES;
				IPHONEOS_DEPLOYMENT_TARGET = 16.1;
				MTL_ENABLE_DEBUG_INFO = INCLUDE_SOURCE;
				MTL_FAST_MATH = YES;
				ONLY_ACTIVE_ARCH = YES;
				SDKROOT = iphoneos;
				SWIFT_ACTIVE_COMPILATION_CONDITIONS = DEBUG123;
				SWIFT_OPTIMIZATION_LEVEL = "-Onone";
			};
			name = Debug;
		};
		540E79462989B16600EE1425 /* Release */ = {
			isa = XCBuildConfiguration;
			buildSettings = {
				ALWAYS_SEARCH_USER_PATHS = NO;
				CLANG_ANALYZER_NONNULL = YES;
				CLANG_ANALYZER_NUMBER_OBJECT_CONVERSION = YES_AGGRESSIVE;
				CLANG_CXX_LANGUAGE_STANDARD = "gnu++20";
				CLANG_ENABLE_MODULES = YES;
				CLANG_ENABLE_OBJC_ARC = YES;
				CLANG_ENABLE_OBJC_WEAK = YES;
				CLANG_WARN_BLOCK_CAPTURE_AUTORELEASING = YES;
				CLANG_WARN_BOOL_CONVERSION = YES;
				CLANG_WARN_COMMA = YES;
				CLANG_WARN_CONSTANT_CONVERSION = YES;
				CLANG_WARN_DEPRECATED_OBJC_IMPLEMENTATIONS = YES;
				CLANG_WARN_DIRECT_OBJC_ISA_USAGE = YES_ERROR;
				CLANG_WARN_DOCUMENTATION_COMMENTS = YES;
				CLANG_WARN_EMPTY_BODY = YES;
				CLANG_WARN_ENUM_CONVERSION = YES;
				CLANG_WARN_INFINITE_RECURSION = YES;
				CLANG_WARN_INT_CONVERSION = YES;
				CLANG_WARN_NON_LITERAL_NULL_CONVERSION = YES;
				CLANG_WARN_OBJC_IMPLICIT_RETAIN_SELF = YES;
				CLANG_WARN_OBJC_LITERAL_CONVERSION = YES;
				CLANG_WARN_OBJC_ROOT_CLASS = YES_ERROR;
				CLANG_WARN_QUOTED_INCLUDE_IN_FRAMEWORK_HEADER = YES;
				CLANG_WARN_RANGE_LOOP_ANALYSIS = YES;
				CLANG_WARN_STRICT_PROTOTYPES = YES;
				CLANG_WARN_SUSPICIOUS_MOVE = YES;
				CLANG_WARN_UNGUARDED_AVAILABILITY = YES_AGGRESSIVE;
				CLANG_WARN_UNREACHABLE_CODE = YES;
				CLANG_WARN__DUPLICATE_METHOD_MATCH = YES;
				COPY_PHASE_STRIP = NO;
				DEBUG_INFORMATION_FORMAT = "dwarf-with-dsym";
				ENABLE_NS_ASSERTIONS = NO;
				ENABLE_STRICT_OBJC_MSGSEND = YES;
				GCC_C_LANGUAGE_STANDARD = gnu11;
				GCC_NO_COMMON_BLOCKS = YES;
				GCC_WARN_64_TO_32_BIT_CONVERSION = YES;
				GCC_WARN_ABOUT_RETURN_TYPE = YES_ERROR;
				GCC_WARN_UNDECLARED_SELECTOR = YES;
				GCC_WARN_UNINITIALIZED_AUTOS = YES_AGGRESSIVE;
				GCC_WARN_UNUSED_FUNCTION = YES;
				GCC_WARN_UNUSED_VARIABLE = YES;
				IPHONEOS_DEPLOYMENT_TARGET = 16.1;
				MTL_ENABLE_DEBUG_INFO = NO;
				MTL_FAST_MATH = YES;
				SDKROOT = iphoneos;
				SWIFT_COMPILATION_MODE = wholemodule;
				SWIFT_OPTIMIZATION_LEVEL = "-O";
				VALIDATE_PRODUCT = YES;
			};
			name = Release;
		};
		540E79482989B16600EE1425 /* Debug */ = {
			isa = XCBuildConfiguration;
			buildSettings = {
				ASSETCATALOG_COMPILER_APPICON_NAME = AppIcon;
				ASSETCATALOG_COMPILER_GLOBAL_ACCENT_COLOR_NAME = AccentColor;
				CLANG_ENABLE_MODULES = YES;
				CODE_SIGN_STYLE = Automatic;
				CURRENT_PROJECT_VERSION = 1;
				DEVELOPMENT_TEAM = "";
				GENERATE_INFOPLIST_FILE = YES;
				INFOPLIST_FILE = "UI Tests/Info.plist";
				INFOPLIST_KEY_UIApplicationSupportsIndirectInputEvents = YES;
				INFOPLIST_KEY_UILaunchStoryboardName = LaunchScreen;
				INFOPLIST_KEY_UIMainStoryboardFile = Main;
				INFOPLIST_KEY_UIRequiresFullScreen = NO;
				INFOPLIST_KEY_UIStatusBarHidden = YES;
				INFOPLIST_KEY_UISupportedInterfaceOrientations = UIInterfaceOrientationPortrait;
				INFOPLIST_KEY_UISupportedInterfaceOrientations_iPad = "UIInterfaceOrientationLandscapeLeft UIInterfaceOrientationLandscapeRight UIInterfaceOrientationPortrait UIInterfaceOrientationPortraitUpsideDown";
				IPHONEOS_DEPLOYMENT_TARGET = 16.0;
				LD_RUNPATH_SEARCH_PATHS = (
					"$(inherited)",
					"@executable_path/Frameworks",
				);
				MARKETING_VERSION = 1.0;
				PRODUCT_BUNDLE_IDENTIFIER = "com.superwall.UI-Tests";
				PRODUCT_NAME = "$(TARGET_NAME)";
				SWIFT_EMIT_LOC_STRINGS = YES;
				SWIFT_OBJC_BRIDGING_HEADER = "$(SRCROOT)/UI Tests/BridgingHeader.h";
				SWIFT_OPTIMIZATION_LEVEL = "-Onone";
				SWIFT_VERSION = 5.0;
				TARGETED_DEVICE_FAMILY = "1,2";
			};
			name = Debug;
		};
		540E79492989B16600EE1425 /* Release */ = {
			isa = XCBuildConfiguration;
			buildSettings = {
				ASSETCATALOG_COMPILER_APPICON_NAME = AppIcon;
				ASSETCATALOG_COMPILER_GLOBAL_ACCENT_COLOR_NAME = AccentColor;
				CLANG_ENABLE_MODULES = YES;
				CODE_SIGN_STYLE = Automatic;
				CURRENT_PROJECT_VERSION = 1;
				DEVELOPMENT_TEAM = "";
				GENERATE_INFOPLIST_FILE = YES;
				INFOPLIST_FILE = "UI Tests/Info.plist";
				INFOPLIST_KEY_UIApplicationSupportsIndirectInputEvents = YES;
				INFOPLIST_KEY_UILaunchStoryboardName = LaunchScreen;
				INFOPLIST_KEY_UIMainStoryboardFile = Main;
				INFOPLIST_KEY_UIRequiresFullScreen = NO;
				INFOPLIST_KEY_UIStatusBarHidden = YES;
				INFOPLIST_KEY_UISupportedInterfaceOrientations = UIInterfaceOrientationPortrait;
				INFOPLIST_KEY_UISupportedInterfaceOrientations_iPad = "UIInterfaceOrientationLandscapeLeft UIInterfaceOrientationLandscapeRight UIInterfaceOrientationPortrait UIInterfaceOrientationPortraitUpsideDown";
				IPHONEOS_DEPLOYMENT_TARGET = 16.0;
				LD_RUNPATH_SEARCH_PATHS = (
					"$(inherited)",
					"@executable_path/Frameworks",
				);
				MARKETING_VERSION = 1.0;
				PRODUCT_BUNDLE_IDENTIFIER = "com.superwall.UI-Tests";
				PRODUCT_NAME = "$(TARGET_NAME)";
				SWIFT_EMIT_LOC_STRINGS = YES;
				SWIFT_OBJC_BRIDGING_HEADER = "$(SRCROOT)/UI Tests/BridgingHeader.h";
				SWIFT_VERSION = 5.0;
				TARGETED_DEVICE_FAMILY = "1,2";
			};
			name = Release;
		};
		54CAAD1129BBD0A0008D728C /* Debug */ = {
			isa = XCBuildConfiguration;
			buildSettings = {
				CODE_SIGN_STYLE = Automatic;
				CURRENT_PROJECT_VERSION = 1;
				DEVELOPMENT_TEAM = CX78747TR3;
				GENERATE_INFOPLIST_FILE = YES;
				IPHONEOS_DEPLOYMENT_TARGET = 16.2;
				MARKETING_VERSION = 1.0;
				PRODUCT_BUNDLE_IDENTIFIER = "com.nomtasticapps.Automated-UI-Testing";
				PRODUCT_NAME = "$(TARGET_NAME)";
				SWIFT_ACTIVE_COMPILATION_CONDITIONS = DEBUG;
				SWIFT_EMIT_LOC_STRINGS = NO;
				SWIFT_VERSION = 5.0;
				TARGETED_DEVICE_FAMILY = "1,2";
				TEST_TARGET_NAME = "UI Tests";
			};
			name = Debug;
		};
		54CAAD1229BBD0A0008D728C /* Snapshot */ = {
			isa = XCBuildConfiguration;
			buildSettings = {
				CODE_SIGN_STYLE = Automatic;
				CURRENT_PROJECT_VERSION = 1;
				DEVELOPMENT_TEAM = CX78747TR3;
				GENERATE_INFOPLIST_FILE = YES;
				IPHONEOS_DEPLOYMENT_TARGET = 16.2;
				MARKETING_VERSION = 1.0;
				PRODUCT_BUNDLE_IDENTIFIER = "com.nomtasticapps.Automated-UI-Testing";
				PRODUCT_NAME = "$(TARGET_NAME)";
				SWIFT_EMIT_LOC_STRINGS = NO;
				SWIFT_VERSION = 5.0;
				TARGETED_DEVICE_FAMILY = "1,2";
				TEST_TARGET_NAME = "UI Tests";
			};
			name = Snapshot;
		};
		54CAAD1329BBD0A0008D728C /* Release */ = {
			isa = XCBuildConfiguration;
			buildSettings = {
				CODE_SIGN_STYLE = Automatic;
				CURRENT_PROJECT_VERSION = 1;
				DEVELOPMENT_TEAM = CX78747TR3;
				GENERATE_INFOPLIST_FILE = YES;
				IPHONEOS_DEPLOYMENT_TARGET = 16.2;
				MARKETING_VERSION = 1.0;
				PRODUCT_BUNDLE_IDENTIFIER = "com.nomtasticapps.Automated-UI-Testing";
				PRODUCT_NAME = "$(TARGET_NAME)";
				SWIFT_EMIT_LOC_STRINGS = NO;
				SWIFT_VERSION = 5.0;
				TARGETED_DEVICE_FAMILY = "1,2";
				TEST_TARGET_NAME = "UI Tests";
			};
			name = Release;
		};
		54FBDA172995BDFE00D85C66 /* Snapshot */ = {
			isa = XCBuildConfiguration;
			buildSettings = {
				ALWAYS_SEARCH_USER_PATHS = NO;
				CLANG_ANALYZER_NONNULL = YES;
				CLANG_ANALYZER_NUMBER_OBJECT_CONVERSION = YES_AGGRESSIVE;
				CLANG_CXX_LANGUAGE_STANDARD = "gnu++20";
				CLANG_ENABLE_MODULES = YES;
				CLANG_ENABLE_OBJC_ARC = YES;
				CLANG_ENABLE_OBJC_WEAK = YES;
				CLANG_WARN_BLOCK_CAPTURE_AUTORELEASING = YES;
				CLANG_WARN_BOOL_CONVERSION = YES;
				CLANG_WARN_COMMA = YES;
				CLANG_WARN_CONSTANT_CONVERSION = YES;
				CLANG_WARN_DEPRECATED_OBJC_IMPLEMENTATIONS = YES;
				CLANG_WARN_DIRECT_OBJC_ISA_USAGE = YES_ERROR;
				CLANG_WARN_DOCUMENTATION_COMMENTS = YES;
				CLANG_WARN_EMPTY_BODY = YES;
				CLANG_WARN_ENUM_CONVERSION = YES;
				CLANG_WARN_INFINITE_RECURSION = YES;
				CLANG_WARN_INT_CONVERSION = YES;
				CLANG_WARN_NON_LITERAL_NULL_CONVERSION = YES;
				CLANG_WARN_OBJC_IMPLICIT_RETAIN_SELF = YES;
				CLANG_WARN_OBJC_LITERAL_CONVERSION = YES;
				CLANG_WARN_OBJC_ROOT_CLASS = YES_ERROR;
				CLANG_WARN_QUOTED_INCLUDE_IN_FRAMEWORK_HEADER = YES;
				CLANG_WARN_RANGE_LOOP_ANALYSIS = YES;
				CLANG_WARN_STRICT_PROTOTYPES = YES;
				CLANG_WARN_SUSPICIOUS_MOVE = YES;
				CLANG_WARN_UNGUARDED_AVAILABILITY = YES_AGGRESSIVE;
				CLANG_WARN_UNREACHABLE_CODE = YES;
				CLANG_WARN__DUPLICATE_METHOD_MATCH = YES;
				COPY_PHASE_STRIP = NO;
				DEBUG_INFORMATION_FORMAT = dwarf;
				ENABLE_STRICT_OBJC_MSGSEND = YES;
				ENABLE_TESTABILITY = YES;
				GCC_C_LANGUAGE_STANDARD = gnu11;
				GCC_DYNAMIC_NO_PIC = NO;
				GCC_NO_COMMON_BLOCKS = YES;
				GCC_OPTIMIZATION_LEVEL = 0;
				GCC_WARN_64_TO_32_BIT_CONVERSION = YES;
				GCC_WARN_ABOUT_RETURN_TYPE = YES_ERROR;
				GCC_WARN_UNDECLARED_SELECTOR = YES;
				GCC_WARN_UNINITIALIZED_AUTOS = YES_AGGRESSIVE;
				GCC_WARN_UNUSED_FUNCTION = YES;
				GCC_WARN_UNUSED_VARIABLE = YES;
				IPHONEOS_DEPLOYMENT_TARGET = 16.1;
				MTL_ENABLE_DEBUG_INFO = INCLUDE_SOURCE;
				MTL_FAST_MATH = YES;
				ONLY_ACTIVE_ARCH = YES;
				SDKROOT = iphoneos;
				SWIFT_OPTIMIZATION_LEVEL = "-Onone";
			};
			name = Snapshot;
		};
		54FBDA182995BDFE00D85C66 /* Snapshot */ = {
			isa = XCBuildConfiguration;
			buildSettings = {
				ASSETCATALOG_COMPILER_APPICON_NAME = AppIcon;
				ASSETCATALOG_COMPILER_GLOBAL_ACCENT_COLOR_NAME = AccentColor;
				CLANG_ENABLE_MODULES = YES;
				CODE_SIGN_STYLE = Automatic;
				CURRENT_PROJECT_VERSION = 1;
				DEVELOPMENT_TEAM = "";
				GENERATE_INFOPLIST_FILE = YES;
				INFOPLIST_FILE = "UI Tests/Info.plist";
				INFOPLIST_KEY_UIApplicationSupportsIndirectInputEvents = YES;
				INFOPLIST_KEY_UILaunchStoryboardName = LaunchScreen;
				INFOPLIST_KEY_UIMainStoryboardFile = Main;
				INFOPLIST_KEY_UIRequiresFullScreen = NO;
				INFOPLIST_KEY_UIStatusBarHidden = YES;
				INFOPLIST_KEY_UISupportedInterfaceOrientations = UIInterfaceOrientationPortrait;
				INFOPLIST_KEY_UISupportedInterfaceOrientations_iPad = "UIInterfaceOrientationLandscapeLeft UIInterfaceOrientationLandscapeRight UIInterfaceOrientationPortrait UIInterfaceOrientationPortraitUpsideDown";
				IPHONEOS_DEPLOYMENT_TARGET = 16.0;
				LD_RUNPATH_SEARCH_PATHS = (
					"$(inherited)",
					"@executable_path/Frameworks",
				);
				MARKETING_VERSION = 1.0;
				PRODUCT_BUNDLE_IDENTIFIER = "com.superwall.UI-Tests";
				PRODUCT_NAME = "$(TARGET_NAME)";
				SWIFT_EMIT_LOC_STRINGS = YES;
				SWIFT_OBJC_BRIDGING_HEADER = "$(SRCROOT)/UI Tests/BridgingHeader.h";
				SWIFT_OPTIMIZATION_LEVEL = "-Onone";
				SWIFT_VERSION = 5.0;
				TARGETED_DEVICE_FAMILY = "1,2";
			};
			name = Snapshot;
		};
/* End XCBuildConfiguration section */

/* Begin XCConfigurationList section */
		540E792E2989B16600EE1425 /* Build configuration list for PBXProject "UI Tests" */ = {
			isa = XCConfigurationList;
			buildConfigurations = (
				540E79452989B16600EE1425 /* Debug */,
				54FBDA172995BDFE00D85C66 /* Snapshot */,
				540E79462989B16600EE1425 /* Release */,
			);
			defaultConfigurationIsVisible = 0;
			defaultConfigurationName = Release;
		};
		540E79472989B16600EE1425 /* Build configuration list for PBXNativeTarget "UI Tests" */ = {
			isa = XCConfigurationList;
			buildConfigurations = (
				540E79482989B16600EE1425 /* Debug */,
				54FBDA182995BDFE00D85C66 /* Snapshot */,
				540E79492989B16600EE1425 /* Release */,
			);
			defaultConfigurationIsVisible = 0;
			defaultConfigurationName = Release;
		};
		54CAAD1029BBD0A0008D728C /* Build configuration list for PBXNativeTarget "Automated UI Testing" */ = {
			isa = XCConfigurationList;
			buildConfigurations = (
				54CAAD1129BBD0A0008D728C /* Debug */,
				54CAAD1229BBD0A0008D728C /* Snapshot */,
				54CAAD1329BBD0A0008D728C /* Release */,
			);
			defaultConfigurationIsVisible = 0;
			defaultConfigurationName = Release;
		};
/* End XCConfigurationList section */

/* Begin XCRemoteSwiftPackageReference section */
		54CAAD1F29BBDAD1008D728C /* XCRemoteSwiftPackageReference "swifter" */ = {
			isa = XCRemoteSwiftPackageReference;
			repositoryURL = "https://github.com/httpswift/swifter";
			requirement = {
				kind = exactVersion;
				version = 1.5.0;
			};
		};
		54CAAD3029BC4DC0008D728C /* XCRemoteSwiftPackageReference "swift-snapshot-testing" */ = {
			isa = XCRemoteSwiftPackageReference;
			repositoryURL = "https://github.com/pointfreeco/swift-snapshot-testing";
			requirement = {
				kind = revision;
				revision = f5489a273ddd57239fd68b9889b3b541bdcbfa3a;
			};
		};
		54CAAD3329BC4DDB008D728C /* XCRemoteSwiftPackageReference "SuperwallKit-iOS" */ = {
			isa = XCRemoteSwiftPackageReference;
			repositoryURL = "https://github.com/superwall-me/SuperwallKit-iOS";
			requirement = {
				kind = revision;
				revision = 400461f97bf0784a29100e9ad9ea7c4f6e30694c;
			};
		};
/* End XCRemoteSwiftPackageReference section */

/* Begin XCSwiftPackageProductDependency section */
		54CAAD2029BBDAD1008D728C /* Swifter */ = {
			isa = XCSwiftPackageProductDependency;
			package = 54CAAD1F29BBDAD1008D728C /* XCRemoteSwiftPackageReference "swifter" */;
			productName = Swifter;
		};
		54CAAD2229BBDADA008D728C /* Swifter */ = {
			isa = XCSwiftPackageProductDependency;
			package = 54CAAD1F29BBDAD1008D728C /* XCRemoteSwiftPackageReference "swifter" */;
			productName = Swifter;
		};
		54CAAD3129BC4DC0008D728C /* SnapshotTesting */ = {
			isa = XCSwiftPackageProductDependency;
			package = 54CAAD3029BC4DC0008D728C /* XCRemoteSwiftPackageReference "swift-snapshot-testing" */;
			productName = SnapshotTesting;
		};
		54CAAD3429BC4DDB008D728C /* SuperwallKit */ = {
			isa = XCSwiftPackageProductDependency;
			package = 54CAAD3329BC4DDB008D728C /* XCRemoteSwiftPackageReference "SuperwallKit-iOS" */;
			productName = SuperwallKit;
		};
/* End XCSwiftPackageProductDependency section */
	};
	rootObject = 540E792B2989B16600EE1425 /* Project object */;
}
