<?xml version="1.0" encoding="UTF-8"?>
<Scheme
   LastUpgradeVersion = "1410"
   version = "1.3">
   <BuildAction
      parallelizeBuildables = "YES"
      buildImplicitDependencies = "YES">
      <BuildActionEntries>
         <BuildActionEntry
            buildForTesting = "YES"
            buildForRunning = "YES"
            buildForProfiling = "YES"
            buildForArchiving = "YES"
            buildForAnalyzing = "YES">
            <BuildableReference
               BuildableIdentifier = "primary"
               BlueprintIdentifier = "540E79322989B16600EE1425"
               BuildableName = "UI Tests.app"
               BlueprintName = "UI Tests"
               ReferencedContainer = "container:UI Tests.xcodeproj">
            </BuildableReference>
         </BuildActionEntry>
      </BuildActionEntries>
   </BuildAction>
   <TestAction
      buildConfiguration = "Debug"
      selectedDebuggerIdentifier = "Xcode.DebuggerFoundation.Debugger.LLDB"
      selectedLauncherIdentifier = "Xcode.DebuggerFoundation.Launcher.LLDB"
      shouldUseLaunchSchemeArgsEnv = "NO">
      <EnvironmentVariables>
         <EnvironmentVariable
            key = "OS_ACTIVITY_MODE"
            value = "disable"
            isEnabled = "YES">
         </EnvironmentVariable>
         <EnvironmentVariable
            key = "language"
            value = "swift"
            isEnabled = "YES">
         </EnvironmentVariable>
         <EnvironmentVariable
            key = "language"
            value = "objc"
            isEnabled = "NO">
         </EnvironmentVariable>
         <EnvironmentVariable
            key = "configurationType"
            value = "automatic"
            isEnabled = "NO">
         </EnvironmentVariable>
         <EnvironmentVariable
            key = "configurationType"
            value = "advanced"
            isEnabled = "YES">
         </EnvironmentVariable>
         <EnvironmentVariable
            key = "configurationType"
            value = "revenueCat"
            isEnabled = "NO">
         </EnvironmentVariable>
      </EnvironmentVariables>
      <Testables>
         <TestableReference
            skipped = "NO">
            <BuildableReference
               BuildableIdentifier = "primary"
               BlueprintIdentifier = "54CAAD0729BBD09F008D728C"
               BuildableName = "Automated UI Testing.xctest"
               BlueprintName = "Automated UI Testing"
               ReferencedContainer = "container:UI Tests.xcodeproj">
            </BuildableReference>
            <SkippedTests>
               <Test
                  Identifier = "Automated_UI_Testing/test0()">
               </Test>
               <Test
                  Identifier = "Automated_UI_Testing/test1()">
               </Test>
               <Test
                  Identifier = "Automated_UI_Testing/test10()">
               </Test>
               <Test
                  Identifier = "Automated_UI_Testing/test11()">
               </Test>
               <Test
                  Identifier = "Automated_UI_Testing/test12()">
               </Test>
               <Test
                  Identifier = "Automated_UI_Testing/test13()">
               </Test>
               <Test
                  Identifier = "Automated_UI_Testing/test14()">
               </Test>
               <Test
                  Identifier = "Automated_UI_Testing/test15()">
               </Test>
               <Test
                  Identifier = "Automated_UI_Testing/test16()">
               </Test>
               <Test
                  Identifier = "Automated_UI_Testing/test17()">
               </Test>
               <Test
                  Identifier = "Automated_UI_Testing/test18()">
               </Test>
               <Test
                  Identifier = "Automated_UI_Testing/test19()">
               </Test>
               <Test
                  Identifier = "Automated_UI_Testing/test2()">
               </Test>
               <Test
                  Identifier = "Automated_UI_Testing/test20()">
               </Test>
               <Test
                  Identifier = "Automated_UI_Testing/test21()">
               </Test>
               <Test
                  Identifier = "Automated_UI_Testing/test22()">
               </Test>
               <Test
                  Identifier = "Automated_UI_Testing/test23()">
               </Test>
               <Test
                  Identifier = "Automated_UI_Testing/test24()">
               </Test>
               <Test
                  Identifier = "Automated_UI_Testing/test25()">
               </Test>
               <Test
                  Identifier = "Automated_UI_Testing/test26()">
               </Test>
               <Test
                  Identifier = "Automated_UI_Testing/test27()">
               </Test>
               <Test
                  Identifier = "Automated_UI_Testing/test28()">
               </Test>
               <Test
                  Identifier = "Automated_UI_Testing/test29()">
               </Test>
               <Test
                  Identifier = "Automated_UI_Testing/test3()">
               </Test>
               <Test
                  Identifier = "Automated_UI_Testing/test30()">
               </Test>
               <Test
                  Identifier = "Automated_UI_Testing/test31()">
               </Test>
               <Test
                  Identifier = "Automated_UI_Testing/test32()">
               </Test>
               <Test
                  Identifier = "Automated_UI_Testing/test33()">
               </Test>
               <Test
                  Identifier = "Automated_UI_Testing/test4()">
               </Test>
               <Test
                  Identifier = "Automated_UI_Testing/test5()">
               </Test>
               <Test
                  Identifier = "Automated_UI_Testing/test6()">
               </Test>
               <Test
                  Identifier = "Automated_UI_Testing/test7()">
               </Test>
               <Test
                  Identifier = "Automated_UI_Testing/test8()">
               </Test>
               <Test
                  Identifier = "Automated_UI_Testing/test9()">
               </Test>
               <Test
                  Identifier = "ParentAppTestCase">
               </Test>
            </SkippedTests>
         </TestableReference>
      </Testables>
   </TestAction>
   <LaunchAction
      buildConfiguration = "Debug"
      selectedDebuggerIdentifier = "Xcode.DebuggerFoundation.Debugger.LLDB"
      selectedLauncherIdentifier = "Xcode.DebuggerFoundation.Launcher.LLDB"
      launchStyle = "0"
      useCustomWorkingDirectory = "NO"
      ignoresPersistentStateOnLaunch = "NO"
      debugDocumentVersioning = "YES"
      debugServiceExtension = "internal"
      allowLocationSimulation = "YES">
      <BuildableProductRunnable
         runnableDebuggingMode = "0">
         <BuildableReference
            BuildableIdentifier = "primary"
            BlueprintIdentifier = "540E79322989B16600EE1425"
            BuildableName = "UI Tests.app"
            BlueprintName = "UI Tests"
            ReferencedContainer = "container:UI Tests.xcodeproj">
         </BuildableReference>
      </BuildableProductRunnable>
      <StoreKitConfigurationFileReference
         identifier = "../../UI Tests/Products.storekit">
      </StoreKitConfigurationFileReference>
   </LaunchAction>
   <ProfileAction
      buildConfiguration = "Release"
      shouldUseLaunchSchemeArgsEnv = "YES"
      savedToolIdentifier = ""
      useCustomWorkingDirectory = "NO"
      debugDocumentVersioning = "YES">
      <BuildableProductRunnable
         runnableDebuggingMode = "0">
         <BuildableReference
            BuildableIdentifier = "primary"
            BlueprintIdentifier = "540E79322989B16600EE1425"
            BuildableName = "UI Tests.app"
            BlueprintName = "UI Tests"
            ReferencedContainer = "container:UI Tests.xcodeproj">
         </BuildableReference>
      </BuildableProductRunnable>
   </ProfileAction>
   <AnalyzeAction
      buildConfiguration = "Debug">
   </AnalyzeAction>
   <ArchiveAction
      buildConfiguration = "Release"
      revealArchiveInOrganizer = "YES">
   </ArchiveAction>
</Scheme>
